
Microsoft Visual Studio Solution File, Format Version 12.00
# Visual Studio Version 16
VisualStudioVersion = 16.0.29215.179
MinimumVisualStudioVersion = 10.0.40219.1
Project("{FAE04EC0-301F-11D3-BF4B-00C04F79EFBC}") = "GestionStages", "GestionStages\GestionStages.csproj", "{BDEE0BCF-1A01-4164-8FF0-A6F14A96DB8B}"
EndProject
Global
	GlobalSection(SolutionConfigurationPlatforms) = preSolution
		Debug|Any CPU = Debug|Any CPU
		Release|Any CPU = Release|Any CPU
	EndGlobalSection
	GlobalSection(ProjectConfigurationPlatforms) = postSolution
		{BDEE0BCF-1A01-4164-8FF0-A6F14A96DB8B}.Debug|Any CPU.ActiveCfg = Debug|Any CPU
		{BDEE0BCF-1A01-4164-8FF0-A6F14A96DB8B}.Debug|Any CPU.Build.0 = Debug|Any CPU
		{BDEE0BCF-1A01-4164-8FF0-A6F14A96DB8B}.Release|Any CPU.ActiveCfg = Release|Any CPU
		{BDEE0BCF-1A01-4164-8FF0-A6F14A96DB8B}.Release|Any CPU.Build.0 = Release|Any CPU
	EndGlobalSection
	GlobalSection(SolutionProperties) = preSolution
		HideSolutionNode = FALSE
	EndGlobalSection
	GlobalSection(ExtensibilityGlobals) = postSolution
		SolutionGuid = {1272A952-6A5D-4C12-83AF-166678D9FA25}
	EndGlobalSection
EndGlobal
